{
  "object": {
    "pins": [
      {
        "package": "Meter",
        "repositoryURL": "https://github.com/ChimeHQ/Meter",
        "state": {
          "branch": null,
          "revision": "3080bca08f99dbd9bd027caec15deb8b4b69d99a",
          "version": "0.4.0"
        }
      },
      {
        "package": "Wells",
        "repositoryURL": "https://github.com/ChimeHQ/Wells",
        "state": {
          "branch": null,
          "revision": "56d9682a573389f27fbf2e873d04a8aac6d3814c",
          "version": "0.2.0"
        }
      }
    ]
  },
  "version": 1
}
