{
  "object": {
    "pins": [
      {
        "package": "Meter",
        "repositoryURL": "https://github.com/ChimeHQ/Meter",
        "state": {
          "branch": null,
          "revision": "3080bca08f99dbd9bd027caec15deb8b4b69d99a",
          "version": "0.4.0"
        }
      },
      {
        "package": "Wells",
        "repositoryURL": "https://github.com/ChimeHQ/Wells",
        "state": {
          "branch": null,
          "revision": "1558d1bbafc1c57060103c5194ffa3abf4a332e3",
          "version": "0.3.0"
        }
      }
    ]
  },
  "version": 1
}
